
Microsoft Visual Studio Solution File, Format Version 12.00
# Visual Studio 15
VisualStudioVersion = 15.0.26730.8
MinimumVisualStudioVersion = 10.0.40219.1
Project("{FAE04EC0-301F-11D3-BF4B-00C04F79EFBC}") = "BarcodeClothesPrinter", "BarcodeClothesPrinter.csproj", "{4BBC5DE7-D0FC-4C5A-93DC-8900B869CE0E}"
EndProject
Global
	GlobalSection(SolutionConfigurationPlatforms) = preSolution
		Debug|Any CPU = Debug|Any CPU
		Release|Any CPU = Release|Any CPU
	EndGlobalSection
	GlobalSection(ProjectConfigurationPlatforms) = postSolution
		{4BBC5DE7-D0FC-4C5A-93DC-8900B869CE0E}.Debug|Any CPU.ActiveCfg = Debug|Any CPU
		{4BBC5DE7-D0FC-4C5A-93DC-8900B869CE0E}.Debug|Any CPU.Build.0 = Debug|Any CPU
		{4BBC5DE7-D0FC-4C5A-93DC-8900B869CE0E}.Release|Any CPU.ActiveCfg = Release|Any CPU
		{4BBC5DE7-D0FC-4C5A-93DC-8900B869CE0E}.Release|Any CPU.Build.0 = Release|Any CPU
	EndGlobalSection
	GlobalSection(SolutionProperties) = preSolution
		HideSolutionNode = FALSE
	EndGlobalSection
	GlobalSection(ExtensibilityGlobals) = postSolution
		SolutionGuid = {F2B8DB19-1601-4B8E-A3A4-C36F57D65D7A}
	EndGlobalSection
EndGlobal
